
Microsoft Visual Studio Solution File, Format Version 12.00
# Visual Studio Version 17
VisualStudioVersion = 17.8.34330.188
MinimumVisualStudioVersion = 10.0.40219.1
Project("{FAE04EC0-301F-11D3-BF4B-00C04F79EFBC}") = "IdeaAPITesting", "IdeaAPITesting\IdeaAPITesting.csproj", "{80FC19BB-568A-489E-B8EC-784CC43B9580}"
EndProject
Global
	GlobalSection(SolutionConfigurationPlatforms) = preSolution
		Debug|Any CPU = Debug|Any CPU
		Release|Any CPU = Release|Any CPU
	EndGlobalSection
	GlobalSection(ProjectConfigurationPlatforms) = postSolution
		{80FC19BB-568A-489E-B8EC-784CC43B9580}.Debug|Any CPU.ActiveCfg = Debug|Any CPU
		{80FC19BB-568A-489E-B8EC-784CC43B9580}.Debug|Any CPU.Build.0 = Debug|Any CPU
		{80FC19BB-568A-489E-B8EC-784CC43B9580}.Release|Any CPU.ActiveCfg = Release|Any CPU
		{80FC19BB-568A-489E-B8EC-784CC43B9580}.Release|Any CPU.Build.0 = Release|Any CPU
	EndGlobalSection
	GlobalSection(SolutionProperties) = preSolution
		HideSolutionNode = FALSE
	EndGlobalSection
	GlobalSection(ExtensibilityGlobals) = postSolution
		SolutionGuid = {8CFB465C-C24A-440D-97D0-BB4C1728B255}
	EndGlobalSection
EndGlobal
